
Microsoft Visual Studio Solution File, Format Version 12.00
# Visual Studio Version 17
VisualStudioVersion = 17.3.32901.215
MinimumVisualStudioVersion = 10.0.40219.1
Project("{8BC9CEB8-8B4A-11D0-8D11-00A0C91BC942}") = "Server", "Server.vcxproj", "{CC76051C-AA8B-4EC8-BCF7-0577908A1A21}"
EndProject
Global
	GlobalSection(SolutionConfigurationPlatforms) = preSolution
		Debug|x64 = Debug|x64
		Debug|x86 = Debug|x86
		Release|x64 = Release|x64
		Release|x86 = Release|x86
	EndGlobalSection
	GlobalSection(ProjectConfigurationPlatforms) = postSolution
		{CC76051C-AA8B-4EC8-BCF7-0577908A1A21}.Debug|x64.ActiveCfg = Debug|x64
		{CC76051C-AA8B-4EC8-BCF7-0577908A1A21}.Debug|x64.Build.0 = Debug|x64
		{CC76051C-AA8B-4EC8-BCF7-0577908A1A21}.Debug|x86.ActiveCfg = Debug|Win32
		{CC76051C-AA8B-4EC8-BCF7-0577908A1A21}.Debug|x86.Build.0 = Debug|Win32
		{CC76051C-AA8B-4EC8-BCF7-0577908A1A21}.Release|x64.ActiveCfg = Release|x64
		{CC76051C-AA8B-4EC8-BCF7-0577908A1A21}.Release|x64.Build.0 = Release|x64
		{CC76051C-AA8B-4EC8-BCF7-0577908A1A21}.Release|x86.ActiveCfg = Release|Win32
		{CC76051C-AA8B-4EC8-BCF7-0577908A1A21}.Release|x86.Build.0 = Release|Win32
	EndGlobalSection
	GlobalSection(SolutionProperties) = preSolution
		HideSolutionNode = FALSE
	EndGlobalSection
	GlobalSection(ExtensibilityGlobals) = postSolution
		SolutionGuid = {ABCB1441-9CC2-41F8-9E32-4AD0E9E02E55}
	EndGlobalSection
EndGlobal
