
Microsoft Visual Studio Solution File, Format Version 12.00
# Visual Studio Version 17
VisualStudioVersion = 17.3.32901.215
MinimumVisualStudioVersion = 10.0.40219.1
Project("{8BC9CEB8-8B4A-11D0-8D11-00A0C91BC942}") = "HW-21.02", "HW-21.02.vcxproj", "{FB409E8E-CE00-4624-BBEC-163615AAD8FF}"
EndProject
Global
	GlobalSection(SolutionConfigurationPlatforms) = preSolution
		Debug|x64 = Debug|x64
		Debug|x86 = Debug|x86
		Release|x64 = Release|x64
		Release|x86 = Release|x86
	EndGlobalSection
	GlobalSection(ProjectConfigurationPlatforms) = postSolution
		{FB409E8E-CE00-4624-BBEC-163615AAD8FF}.Debug|x64.ActiveCfg = Debug|x64
		{FB409E8E-CE00-4624-BBEC-163615AAD8FF}.Debug|x64.Build.0 = Debug|x64
		{FB409E8E-CE00-4624-BBEC-163615AAD8FF}.Debug|x86.ActiveCfg = Debug|Win32
		{FB409E8E-CE00-4624-BBEC-163615AAD8FF}.Debug|x86.Build.0 = Debug|Win32
		{FB409E8E-CE00-4624-BBEC-163615AAD8FF}.Release|x64.ActiveCfg = Release|x64
		{FB409E8E-CE00-4624-BBEC-163615AAD8FF}.Release|x64.Build.0 = Release|x64
		{FB409E8E-CE00-4624-BBEC-163615AAD8FF}.Release|x86.ActiveCfg = Release|Win32
		{FB409E8E-CE00-4624-BBEC-163615AAD8FF}.Release|x86.Build.0 = Release|Win32
	EndGlobalSection
	GlobalSection(SolutionProperties) = preSolution
		HideSolutionNode = FALSE
	EndGlobalSection
	GlobalSection(ExtensibilityGlobals) = postSolution
		SolutionGuid = {C6BFF7FD-1C7D-4085-A5BF-760F991501F2}
	EndGlobalSection
EndGlobal
