
Microsoft Visual Studio Solution File, Format Version 12.00
# Visual Studio Version 16
VisualStudioVersion = 16.0.30104.148
MinimumVisualStudioVersion = 10.0.40219.1
Project("{8BC9CEB8-8B4A-11D0-8D11-00A0C91BC942}") = "UDPExample", "UDPExample\UDPExample.vcxproj", "{9E7C827F-19B4-458F-BDCD-28BBEA1DB461}"
EndProject
Project("{8BC9CEB8-8B4A-11D0-8D11-00A0C91BC942}") = "UDPClient", "UDPClient\UDPClient.vcxproj", "{2FD13D07-7E10-4BBB-8C4A-0776FF25EC2A}"
EndProject
Global
	GlobalSection(SolutionConfigurationPlatforms) = preSolution
		Debug|x64 = Debug|x64
		Debug|x86 = Debug|x86
		Release|x64 = Release|x64
		Release|x86 = Release|x86
	EndGlobalSection
	GlobalSection(ProjectConfigurationPlatforms) = postSolution
		{9E7C827F-19B4-458F-BDCD-28BBEA1DB461}.Debug|x64.ActiveCfg = Debug|x64
		{9E7C827F-19B4-458F-BDCD-28BBEA1DB461}.Debug|x64.Build.0 = Debug|x64
		{9E7C827F-19B4-458F-BDCD-28BBEA1DB461}.Debug|x86.ActiveCfg = Debug|Win32
		{9E7C827F-19B4-458F-BDCD-28BBEA1DB461}.Debug|x86.Build.0 = Debug|Win32
		{9E7C827F-19B4-458F-BDCD-28BBEA1DB461}.Release|x64.ActiveCfg = Release|x64
		{9E7C827F-19B4-458F-BDCD-28BBEA1DB461}.Release|x64.Build.0 = Release|x64
		{9E7C827F-19B4-458F-BDCD-28BBEA1DB461}.Release|x86.ActiveCfg = Release|Win32
		{9E7C827F-19B4-458F-BDCD-28BBEA1DB461}.Release|x86.Build.0 = Release|Win32
		{2FD13D07-7E10-4BBB-8C4A-0776FF25EC2A}.Debug|x64.ActiveCfg = Debug|x64
		{2FD13D07-7E10-4BBB-8C4A-0776FF25EC2A}.Debug|x64.Build.0 = Debug|x64
		{2FD13D07-7E10-4BBB-8C4A-0776FF25EC2A}.Debug|x86.ActiveCfg = Debug|Win32
		{2FD13D07-7E10-4BBB-8C4A-0776FF25EC2A}.Debug|x86.Build.0 = Debug|Win32
		{2FD13D07-7E10-4BBB-8C4A-0776FF25EC2A}.Release|x64.ActiveCfg = Release|x64
		{2FD13D07-7E10-4BBB-8C4A-0776FF25EC2A}.Release|x64.Build.0 = Release|x64
		{2FD13D07-7E10-4BBB-8C4A-0776FF25EC2A}.Release|x86.ActiveCfg = Release|Win32
		{2FD13D07-7E10-4BBB-8C4A-0776FF25EC2A}.Release|x86.Build.0 = Release|Win32
	EndGlobalSection
	GlobalSection(SolutionProperties) = preSolution
		HideSolutionNode = FALSE
	EndGlobalSection
	GlobalSection(ExtensibilityGlobals) = postSolution
		SolutionGuid = {7FDDA6A6-37DA-4A38-9E7B-452D9B4D0464}
	EndGlobalSection
EndGlobal
