
Microsoft Visual Studio Solution File, Format Version 12.00
# Visual Studio Version 17
VisualStudioVersion = 17.3.32901.215
MinimumVisualStudioVersion = 10.0.40219.1
Project("{8BC9CEB8-8B4A-11D0-8D11-00A0C91BC942}") = "LastProj", "LastProj.vcxproj", "{9E30B723-DB95-4B46-985D-E87AEE6A8D64}"
EndProject
Project("{8BC9CEB8-8B4A-11D0-8D11-00A0C91BC942}") = "Client", "Client\Client.vcxproj", "{3D67E704-CD69-40B3-82C6-C0BA4983A50B}"
EndProject
Global
	GlobalSection(SolutionConfigurationPlatforms) = preSolution
		Debug|x64 = Debug|x64
		Debug|x86 = Debug|x86
		Release|x64 = Release|x64
		Release|x86 = Release|x86
	EndGlobalSection
	GlobalSection(ProjectConfigurationPlatforms) = postSolution
		{9E30B723-DB95-4B46-985D-E87AEE6A8D64}.Debug|x64.ActiveCfg = Debug|x64
		{9E30B723-DB95-4B46-985D-E87AEE6A8D64}.Debug|x64.Build.0 = Debug|x64
		{9E30B723-DB95-4B46-985D-E87AEE6A8D64}.Debug|x86.ActiveCfg = Debug|Win32
		{9E30B723-DB95-4B46-985D-E87AEE6A8D64}.Debug|x86.Build.0 = Debug|Win32
		{9E30B723-DB95-4B46-985D-E87AEE6A8D64}.Release|x64.ActiveCfg = Release|x64
		{9E30B723-DB95-4B46-985D-E87AEE6A8D64}.Release|x64.Build.0 = Release|x64
		{9E30B723-DB95-4B46-985D-E87AEE6A8D64}.Release|x86.ActiveCfg = Release|Win32
		{9E30B723-DB95-4B46-985D-E87AEE6A8D64}.Release|x86.Build.0 = Release|Win32
		{3D67E704-CD69-40B3-82C6-C0BA4983A50B}.Debug|x64.ActiveCfg = Debug|x64
		{3D67E704-CD69-40B3-82C6-C0BA4983A50B}.Debug|x64.Build.0 = Debug|x64
		{3D67E704-CD69-40B3-82C6-C0BA4983A50B}.Debug|x86.ActiveCfg = Debug|Win32
		{3D67E704-CD69-40B3-82C6-C0BA4983A50B}.Debug|x86.Build.0 = Debug|Win32
		{3D67E704-CD69-40B3-82C6-C0BA4983A50B}.Release|x64.ActiveCfg = Release|x64
		{3D67E704-CD69-40B3-82C6-C0BA4983A50B}.Release|x64.Build.0 = Release|x64
		{3D67E704-CD69-40B3-82C6-C0BA4983A50B}.Release|x86.ActiveCfg = Release|Win32
		{3D67E704-CD69-40B3-82C6-C0BA4983A50B}.Release|x86.Build.0 = Release|Win32
	EndGlobalSection
	GlobalSection(SolutionProperties) = preSolution
		HideSolutionNode = FALSE
	EndGlobalSection
	GlobalSection(ExtensibilityGlobals) = postSolution
		SolutionGuid = {B9AD0B8B-08E0-4DB6-B3B1-6E91ADE1AEF6}
	EndGlobalSection
EndGlobal
